# This file is automatically @generated by Poetry 1.7.1 and should not be changed by hand.

[[package]]
name = "crc"
version = "6.1.1"
description = "Library and CLI to calculate and verify all kinds of CRC checksums"
optional = false
python-versions = ">=3.8,<4.0"
files = [
    {file = "crc-6.1.1-py3-none-any.whl", hash = "sha256:bc75343122df0b13d10a20b134793d3b3558ac4ebe092b35b2cc3e0673af0e12"},
    {file = "crc-6.1.1.tar.gz", hash = "sha256:934085e4128a9d3079df70b70bca330e6d298c8a2191899903272f4e53f3220d"},
]

[[package]]
name = "pyserial"
version = "3.5"
description = "Python Serial Port Extension"
optional = false
python-versions = "*"
files = [
    {file = "pyserial-3.5-py2.py3-none-any.whl", hash = "sha256:c4451db6ba391ca6ca299fb3ec7bae67a5c55dde170964c7a14ceefec02f2cf0"},
    {file = "pyserial-3.5.tar.gz", hash = "sha256:3c77e014170dfffbd816e6ffc205e9842efb10be9f58ec16d3e8675b4925cddb"},
]

[package.extras]
cp2110 = ["hidapi"]

[metadata]
lock-version = "2.0"
python-versions = "^3.8"
content-hash = "7267323bb6072702e876f48e3a7c6aca481a5b1c72dd8b78ac2199e676a802f4"
